
Microsoft Visual Studio Solution File, Format Version 12.00
# Visual Studio Version 16
VisualStudioVersion = 16.0.29411.108
MinimumVisualStudioVersion = 10.0.40219.1
Project("{FAE04EC0-301F-11D3-BF4B-00C04F79EFBC}") = "iPOPreg", "iPOPreg\iPOPreg.csproj", "{FC3FC386-6A50-4F64-866A-B2369F86F594}"
EndProject
Global
	GlobalSection(SolutionConfigurationPlatforms) = preSolution
		Debug|Any CPU = Debug|Any CPU
		Release|Any CPU = Release|Any CPU
	EndGlobalSection
	GlobalSection(ProjectConfigurationPlatforms) = postSolution
		{FC3FC386-6A50-4F64-866A-B2369F86F594}.Debug|Any CPU.ActiveCfg = Debug|Any CPU
		{FC3FC386-6A50-4F64-866A-B2369F86F594}.Debug|Any CPU.Build.0 = Debug|Any CPU
		{FC3FC386-6A50-4F64-866A-B2369F86F594}.Release|Any CPU.ActiveCfg = Release|Any CPU
		{FC3FC386-6A50-4F64-866A-B2369F86F594}.Release|Any CPU.Build.0 = Release|Any CPU
	EndGlobalSection
	GlobalSection(SolutionProperties) = preSolution
		HideSolutionNode = FALSE
	EndGlobalSection
	GlobalSection(ExtensibilityGlobals) = postSolution
		SolutionGuid = {FC18A7B4-A60D-4A2A-8AFF-8A214DEFFD50}
	EndGlobalSection
EndGlobal
